
Microsoft Visual Studio Solution File, Format Version 12.00
# Visual Studio Version 17
VisualStudioVersion = 17.3.32901.215
MinimumVisualStudioVersion = 10.0.40219.1
Project("{9A19103F-16F7-4668-BE54-9A1E7A4F7556}") = "pizza_mama", "pizza_mama\pizza_mama.csproj", "{744F0686-812D-4BF6-A03D-A632939E2A1A}"
EndProject
Global
	GlobalSection(SolutionConfigurationPlatforms) = preSolution
		Debug|Any CPU = Debug|Any CPU
		Release|Any CPU = Release|Any CPU
	EndGlobalSection
	GlobalSection(ProjectConfigurationPlatforms) = postSolution
		{744F0686-812D-4BF6-A03D-A632939E2A1A}.Debug|Any CPU.ActiveCfg = Debug|Any CPU
		{744F0686-812D-4BF6-A03D-A632939E2A1A}.Debug|Any CPU.Build.0 = Debug|Any CPU
		{744F0686-812D-4BF6-A03D-A632939E2A1A}.Release|Any CPU.ActiveCfg = Release|Any CPU
		{744F0686-812D-4BF6-A03D-A632939E2A1A}.Release|Any CPU.Build.0 = Release|Any CPU
	EndGlobalSection
	GlobalSection(SolutionProperties) = preSolution
		HideSolutionNode = FALSE
	EndGlobalSection
	GlobalSection(ExtensibilityGlobals) = postSolution
		SolutionGuid = {5270D302-B67C-4427-8D63-07BB7727F4B5}
	EndGlobalSection
EndGlobal
